
Microsoft Visual Studio Solution File, Format Version 12.00
# Visual Studio Version 16
VisualStudioVersion = 16.0.33927.289
MinimumVisualStudioVersion = 10.0.40219.1
Project("{8BC9CEB8-8B4A-11D0-8D11-00A0C91BC942}") = "Test", "..\Test\Test.vcxproj", "{782AF965-D197-4825-8CAC-1D7094FA9549}"
EndProject
Project("{8BC9CEB8-8B4A-11D0-8D11-00A0C91BC942}") = "FPS", "..\FPS\FPS.vcxproj", "{0272E290-146B-4908-817D-6B673D2EEA3E}"
EndProject
Project("{8BC9CEB8-8B4A-11D0-8D11-00A0C91BC942}") = "3DGraphics", "..\3DGraphics\3DGraphics.vcxproj", "{FEB4B888-983C-4CEE-9DA5-F0F662292574}"
EndProject
Global
	GlobalSection(SolutionConfigurationPlatforms) = preSolution
		Debug|x64 = Debug|x64
		Debug|x86 = Debug|x86
		Release|x64 = Release|x64
		Release|x86 = Release|x86
	EndGlobalSection
	GlobalSection(ProjectConfigurationPlatforms) = postSolution
		{782AF965-D197-4825-8CAC-1D7094FA9549}.Debug|x64.ActiveCfg = Debug|x64
		{782AF965-D197-4825-8CAC-1D7094FA9549}.Debug|x64.Build.0 = Debug|x64
		{782AF965-D197-4825-8CAC-1D7094FA9549}.Debug|x86.ActiveCfg = Debug|Win32
		{782AF965-D197-4825-8CAC-1D7094FA9549}.Debug|x86.Build.0 = Debug|Win32
		{782AF965-D197-4825-8CAC-1D7094FA9549}.Release|x64.ActiveCfg = Release|x64
		{782AF965-D197-4825-8CAC-1D7094FA9549}.Release|x64.Build.0 = Release|x64
		{782AF965-D197-4825-8CAC-1D7094FA9549}.Release|x86.ActiveCfg = Release|Win32
		{782AF965-D197-4825-8CAC-1D7094FA9549}.Release|x86.Build.0 = Release|Win32
		{0272E290-146B-4908-817D-6B673D2EEA3E}.Debug|x64.ActiveCfg = Debug|x64
		{0272E290-146B-4908-817D-6B673D2EEA3E}.Debug|x64.Build.0 = Debug|x64
		{0272E290-146B-4908-817D-6B673D2EEA3E}.Debug|x86.ActiveCfg = Debug|Win32
		{0272E290-146B-4908-817D-6B673D2EEA3E}.Debug|x86.Build.0 = Debug|Win32
		{0272E290-146B-4908-817D-6B673D2EEA3E}.Release|x64.ActiveCfg = Release|x64
		{0272E290-146B-4908-817D-6B673D2EEA3E}.Release|x64.Build.0 = Release|x64
		{0272E290-146B-4908-817D-6B673D2EEA3E}.Release|x86.ActiveCfg = Release|Win32
		{0272E290-146B-4908-817D-6B673D2EEA3E}.Release|x86.Build.0 = Release|Win32
		{FEB4B888-983C-4CEE-9DA5-F0F662292574}.Debug|x64.ActiveCfg = Debug|x64
		{FEB4B888-983C-4CEE-9DA5-F0F662292574}.Debug|x64.Build.0 = Debug|x64
		{FEB4B888-983C-4CEE-9DA5-F0F662292574}.Debug|x86.ActiveCfg = Debug|Win32
		{FEB4B888-983C-4CEE-9DA5-F0F662292574}.Debug|x86.Build.0 = Debug|Win32
		{FEB4B888-983C-4CEE-9DA5-F0F662292574}.Release|x64.ActiveCfg = Release|x64
		{FEB4B888-983C-4CEE-9DA5-F0F662292574}.Release|x64.Build.0 = Release|x64
		{FEB4B888-983C-4CEE-9DA5-F0F662292574}.Release|x86.ActiveCfg = Release|Win32
		{FEB4B888-983C-4CEE-9DA5-F0F662292574}.Release|x86.Build.0 = Release|Win32
	EndGlobalSection
	GlobalSection(SolutionProperties) = preSolution
		HideSolutionNode = FALSE
	EndGlobalSection
	GlobalSection(ExtensibilityGlobals) = postSolution
		SolutionGuid = {9D1FF1D9-6125-47A6-836C-845FF3D13169}
	EndGlobalSection
EndGlobal
